// !$*UTF8*$!
{
	archiveVersion = 1;
	classes = {
	};
	objectVersion = 56;
	objects = {

/* Begin PBXBuildFile section */
		340587ED2A8DD1F9006B6521 /* TabDisplayView.swift in Sources */ = {isa = PBXBuildFile; fileRef = 340587EC2A8DD1F9006B6521 /* TabDisplayView.swift */; };
		34140A492A931F61008A9871 /* AchievementCardView.swift in Sources */ = {isa = PBXBuildFile; fileRef = 34140A482A931F61008A9871 /* AchievementCardView.swift */; };
		34140A4B2A932BD4008A9871 /* AchievementView.swift in Sources */ = {isa = PBXBuildFile; fileRef = 34140A4A2A932BD4008A9871 /* AchievementView.swift */; };
		341CA6A02A95F6BD0059320A /* userDatas.json in Resources */ = {isa = PBXBuildFile; fileRef = 341CA69F2A95F6BD0059320A /* userDatas.json */; };
		349577AB2A8B2A110093BF80 /* GameSettingView.swift in Sources */ = {isa = PBXBuildFile; fileRef = 349577AA2A8B2A110093BF80 /* GameSettingView.swift */; };
		349577AD2A8B395F0093BF80 /* CardView.swift in Sources */ = {isa = PBXBuildFile; fileRef = 349577AC2A8B395F0093BF80 /* CardView.swift */; };
		349577AF2A8B56080093BF80 /* MainView.swift in Sources */ = {isa = PBXBuildFile; fileRef = 349577AE2A8B56080093BF80 /* MainView.swift */; };
		34A73C052A861BC20067FAEF /* assignment2App.swift in Sources */ = {isa = PBXBuildFile; fileRef = 34A73C042A861BC20067FAEF /* assignment2App.swift */; };
		34A73C072A861BC20067FAEF /* ContentView.swift in Sources */ = {isa = PBXBuildFile; fileRef = 34A73C062A861BC20067FAEF /* ContentView.swift */; };
		34A73C092A861BC40067FAEF /* Assets.xcassets in Resources */ = {isa = PBXBuildFile; fileRef = 34A73C082A861BC40067FAEF /* Assets.xcassets */; };
		34A73C0C2A861BC40067FAEF /* Preview Assets.xcassets in Resources */ = {isa = PBXBuildFile; fileRef = 34A73C0B2A861BC40067FAEF /* Preview Assets.xcassets */; };
		34A73C162A861BC40067FAEF /* assignment2Tests.swift in Sources */ = {isa = PBXBuildFile; fileRef = 34A73C152A861BC40067FAEF /* assignment2Tests.swift */; };
		34A73C202A861BC40067FAEF /* assignment2UITests.swift in Sources */ = {isa = PBXBuildFile; fileRef = 34A73C1F2A861BC40067FAEF /* assignment2UITests.swift */; };
		34A73C222A861BC40067FAEF /* assignment2UITestsLaunchTests.swift in Sources */ = {isa = PBXBuildFile; fileRef = 34A73C212A861BC40067FAEF /* assignment2UITestsLaunchTests.swift */; };
		34A73C332A862B4E0067FAEF /* Card.swift in Sources */ = {isa = PBXBuildFile; fileRef = 34A73C322A862B4E0067FAEF /* Card.swift */; };
		34B207212A863CA800D3D689 /* Achievement.swift in Sources */ = {isa = PBXBuildFile; fileRef = 34B207202A863CA800D3D689 /* Achievement.swift */; };
		34B207232A863CC000D3D689 /* WelcomeView.swift in Sources */ = {isa = PBXBuildFile; fileRef = 34B207222A863CC000D3D689 /* WelcomeView.swift */; };
		34B207252A863CCD00D3D689 /* LeaderboardView.swift in Sources */ = {isa = PBXBuildFile; fileRef = 34B207242A863CCD00D3D689 /* LeaderboardView.swift */; };
		34B207272A863CE100D3D689 /* GameView.swift in Sources */ = {isa = PBXBuildFile; fileRef = 34B207262A863CE100D3D689 /* GameView.swift */; };
		34B207292A863CE900D3D689 /* SettingView.swift in Sources */ = {isa = PBXBuildFile; fileRef = 34B207282A863CE900D3D689 /* SettingView.swift */; };
		34B2072F2A86419B00D3D689 /* Localizable.strings in Resources */ = {isa = PBXBuildFile; fileRef = 34B207312A86419B00D3D689 /* Localizable.strings */; };
		34B207342A8642F200D3D689 /* InstructionView.swift in Sources */ = {isa = PBXBuildFile; fileRef = 34B207332A8642F200D3D689 /* InstructionView.swift */; };
		34D24A562A9093DC00903D7A /* ColorScheme.swift in Sources */ = {isa = PBXBuildFile; fileRef = 34D24A552A9093DC00903D7A /* ColorScheme.swift */; };
		34D947652A9077E90031775E /* StatsView.swift in Sources */ = {isa = PBXBuildFile; fileRef = 34D947642A9077E90031775E /* StatsView.swift */; };
		34D947682A9078030031775E /* achievement.json in Resources */ = {isa = PBXBuildFile; fileRef = 34D947662A9078030031775E /* achievement.json */; };
		34D947692A9078030031775E /* UserData.swift in Sources */ = {isa = PBXBuildFile; fileRef = 34D947672A9078030031775E /* UserData.swift */; };
		34D9476E2A90789E0031775E /* DataManager.swift in Sources */ = {isa = PBXBuildFile; fileRef = 34D9476C2A90789E0031775E /* DataManager.swift */; };
		34D9476F2A90789E0031775E /* SoundManager.swift in Sources */ = {isa = PBXBuildFile; fileRef = 34D9476D2A90789E0031775E /* SoundManager.swift */; };
/* End PBXBuildFile section */

/* Begin PBXContainerItemProxy section */
		34A73C122A861BC40067FAEF /* PBXContainerItemProxy */ = {
			isa = PBXContainerItemProxy;
			containerPortal = 34A73BF92A861BC20067FAEF /* Project object */;
			proxyType = 1;
			remoteGlobalIDString = 34A73C002A861BC20067FAEF;
			remoteInfo = assignment2;
		};
		34A73C1C2A861BC40067FAEF /* PBXContainerItemProxy */ = {
			isa = PBXContainerItemProxy;
			containerPortal = 34A73BF92A861BC20067FAEF /* Project object */;
			proxyType = 1;
			remoteGlobalIDString = 34A73C002A861BC20067FAEF;
			remoteInfo = assignment2;
		};
/* End PBXContainerItemProxy section */

/* Begin PBXFileReference section */
		340587EC2A8DD1F9006B6521 /* TabDisplayView.swift */ = {isa = PBXFileReference; lastKnownFileType = sourcecode.swift; path = TabDisplayView.swift; sourceTree = "<group>"; };
		34140A482A931F61008A9871 /* AchievementCardView.swift */ = {isa = PBXFileReference; lastKnownFileType = sourcecode.swift; path = AchievementCardView.swift; sourceTree = "<group>"; };
		34140A4A2A932BD4008A9871 /* AchievementView.swift */ = {isa = PBXFileReference; lastKnownFileType = sourcecode.swift; path = AchievementView.swift; sourceTree = "<group>"; };
		341CA69F2A95F6BD0059320A /* userDatas.json */ = {isa = PBXFileReference; fileEncoding = 4; lastKnownFileType = text.json; path = userDatas.json; sourceTree = "<group>"; };
		349577AA2A8B2A110093BF80 /* GameSettingView.swift */ = {isa = PBXFileReference; lastKnownFileType = sourcecode.swift; path = GameSettingView.swift; sourceTree = "<group>"; };
		349577AC2A8B395F0093BF80 /* CardView.swift */ = {isa = PBXFileReference; lastKnownFileType = sourcecode.swift; path = CardView.swift; sourceTree = "<group>"; };
		349577AE2A8B56080093BF80 /* MainView.swift */ = {isa = PBXFileReference; lastKnownFileType = sourcecode.swift; path = MainView.swift; sourceTree = "<group>"; };
		34A73C012A861BC20067FAEF /* assignment2.app */ = {isa = PBXFileReference; explicitFileType = wrapper.application; includeInIndex = 0; path = assignment2.app; sourceTree = BUILT_PRODUCTS_DIR; };
		34A73C042A861BC20067FAEF /* assignment2App.swift */ = {isa = PBXFileReference; lastKnownFileType = sourcecode.swift; path = assignment2App.swift; sourceTree = "<group>"; };
		34A73C062A861BC20067FAEF /* ContentView.swift */ = {isa = PBXFileReference; lastKnownFileType = sourcecode.swift; path = ContentView.swift; sourceTree = "<group>"; };
		34A73C082A861BC40067FAEF /* Assets.xcassets */ = {isa = PBXFileReference; lastKnownFileType = folder.assetcatalog; path = Assets.xcassets; sourceTree = "<group>"; };
		34A73C0B2A861BC40067FAEF /* Preview Assets.xcassets */ = {isa = PBXFileReference; lastKnownFileType = folder.assetcatalog; path = "Preview Assets.xcassets"; sourceTree = "<group>"; };
		34A73C112A861BC40067FAEF /* assignment2Tests.xctest */ = {isa = PBXFileReference; explicitFileType = wrapper.cfbundle; includeInIndex = 0; path = assignment2Tests.xctest; sourceTree = BUILT_PRODUCTS_DIR; };
		34A73C152A861BC40067FAEF /* assignment2Tests.swift */ = {isa = PBXFileReference; lastKnownFileType = sourcecode.swift; path = assignment2Tests.swift; sourceTree = "<group>"; };
		34A73C1B2A861BC40067FAEF /* assignment2UITests.xctest */ = {isa = PBXFileReference; explicitFileType = wrapper.cfbundle; includeInIndex = 0; path = assignment2UITests.xctest; sourceTree = BUILT_PRODUCTS_DIR; };
		34A73C1F2A861BC40067FAEF /* assignment2UITests.swift */ = {isa = PBXFileReference; lastKnownFileType = sourcecode.swift; path = assignment2UITests.swift; sourceTree = "<group>"; };
		34A73C212A861BC40067FAEF /* assignment2UITestsLaunchTests.swift */ = {isa = PBXFileReference; lastKnownFileType = sourcecode.swift; path = assignment2UITestsLaunchTests.swift; sourceTree = "<group>"; };
		34A73C322A862B4E0067FAEF /* Card.swift */ = {isa = PBXFileReference; lastKnownFileType = sourcecode.swift; path = Card.swift; sourceTree = "<group>"; };
		34B207202A863CA800D3D689 /* Achievement.swift */ = {isa = PBXFileReference; lastKnownFileType = sourcecode.swift; path = Achievement.swift; sourceTree = "<group>"; };
		34B207222A863CC000D3D689 /* WelcomeView.swift */ = {isa = PBXFileReference; lastKnownFileType = sourcecode.swift; path = WelcomeView.swift; sourceTree = "<group>"; };
		34B207242A863CCD00D3D689 /* LeaderboardView.swift */ = {isa = PBXFileReference; lastKnownFileType = sourcecode.swift; path = LeaderboardView.swift; sourceTree = "<group>"; };
		34B207262A863CE100D3D689 /* GameView.swift */ = {isa = PBXFileReference; lastKnownFileType = sourcecode.swift; path = GameView.swift; sourceTree = "<group>"; };
		34B207282A863CE900D3D689 /* SettingView.swift */ = {isa = PBXFileReference; lastKnownFileType = sourcecode.swift; path = SettingView.swift; sourceTree = "<group>"; };
		34B207302A86419B00D3D689 /* en */ = {isa = PBXFileReference; lastKnownFileType = text.plist.strings; name = en; path = en.lproj/Localizable.strings; sourceTree = "<group>"; };
		34B207322A8641A800D3D689 /* vi */ = {isa = PBXFileReference; lastKnownFileType = text.plist.strings; name = vi; path = vi.lproj/Localizable.strings; sourceTree = "<group>"; };
		34B207332A8642F200D3D689 /* InstructionView.swift */ = {isa = PBXFileReference; lastKnownFileType = sourcecode.swift; path = InstructionView.swift; sourceTree = "<group>"; };
		34D24A552A9093DC00903D7A /* ColorScheme.swift */ = {isa = PBXFileReference; lastKnownFileType = sourcecode.swift; path = ColorScheme.swift; sourceTree = "<group>"; };
		34D947642A9077E90031775E /* StatsView.swift */ = {isa = PBXFileReference; fileEncoding = 4; lastKnownFileType = sourcecode.swift; path = StatsView.swift; sourceTree = "<group>"; };
		34D947662A9078030031775E /* achievement.json */ = {isa = PBXFileReference; fileEncoding = 4; lastKnownFileType = text.json; path = achievement.json; sourceTree = "<group>"; };
		34D947672A9078030031775E /* UserData.swift */ = {isa = PBXFileReference; fileEncoding = 4; lastKnownFileType = sourcecode.swift; path = UserData.swift; sourceTree = "<group>"; };
		34D9476C2A90789E0031775E /* DataManager.swift */ = {isa = PBXFileReference; fileEncoding = 4; lastKnownFileType = sourcecode.swift; path = DataManager.swift; sourceTree = "<group>"; };
		34D9476D2A90789E0031775E /* SoundManager.swift */ = {isa = PBXFileReference; fileEncoding = 4; lastKnownFileType = sourcecode.swift; path = SoundManager.swift; sourceTree = "<group>"; };
/* End PBXFileReference section */

/* Begin PBXFrameworksBuildPhase section */
		34A73BFE2A861BC20067FAEF /* Frameworks */ = {
			isa = PBXFrameworksBuildPhase;
			buildActionMask = 2147483647;
			files = (
			);
			runOnlyForDeploymentPostprocessing = 0;
		};
		34A73C0E2A861BC40067FAEF /* Frameworks */ = {
			isa = PBXFrameworksBuildPhase;
			buildActionMask = 2147483647;
			files = (
			);
			runOnlyForDeploymentPostprocessing = 0;
		};
		34A73C182A861BC40067FAEF /* Frameworks */ = {
			isa = PBXFrameworksBuildPhase;
			buildActionMask = 2147483647;
			files = (
			);
			runOnlyForDeploymentPostprocessing = 0;
		};
/* End PBXFrameworksBuildPhase section */

/* Begin PBXGroup section */
		34A73BF82A861BC20067FAEF = {
			isa = PBXGroup;
			children = (
				34A73C032A861BC20067FAEF /* assignment2 */,
				34A73C142A861BC40067FAEF /* assignment2Tests */,
				34A73C1E2A861BC40067FAEF /* assignment2UITests */,
				34A73C022A861BC20067FAEF /* Products */,
			);
			sourceTree = "<group>";
		};
		34A73C022A861BC20067FAEF /* Products */ = {
			isa = PBXGroup;
			children = (
				34A73C012A861BC20067FAEF /* assignment2.app */,
				34A73C112A861BC40067FAEF /* assignment2Tests.xctest */,
				34A73C1B2A861BC40067FAEF /* assignment2UITests.xctest */,
			);
			name = Products;
			sourceTree = "<group>";
		};
		34A73C032A861BC20067FAEF /* assignment2 */ = {
			isa = PBXGroup;
			children = (
				34B2072A2A86410000D3D689 /* Utilities */,
				34A73C312A862B000067FAEF /* Model */,
				34A73C2E2A861CE80067FAEF /* View */,
				34A73C042A861BC20067FAEF /* assignment2App.swift */,
				34A73C082A861BC40067FAEF /* Assets.xcassets */,
				34A73C0A2A861BC40067FAEF /* Preview Content */,
			);
			path = assignment2;
			sourceTree = "<group>";
		};
		34A73C0A2A861BC40067FAEF /* Preview Content */ = {
			isa = PBXGroup;
			children = (
				34A73C0B2A861BC40067FAEF /* Preview Assets.xcassets */,
			);
			path = "Preview Content";
			sourceTree = "<group>";
		};
		34A73C142A861BC40067FAEF /* assignment2Tests */ = {
			isa = PBXGroup;
			children = (
				34A73C152A861BC40067FAEF /* assignment2Tests.swift */,
			);
			path = assignment2Tests;
			sourceTree = "<group>";
		};
		34A73C1E2A861BC40067FAEF /* assignment2UITests */ = {
			isa = PBXGroup;
			children = (
				34A73C1F2A861BC40067FAEF /* assignment2UITests.swift */,
				34A73C212A861BC40067FAEF /* assignment2UITestsLaunchTests.swift */,
			);
			path = assignment2UITests;
			sourceTree = "<group>";
		};
		34A73C2E2A861CE80067FAEF /* View */ = {
			isa = PBXGroup;
			children = (
				34D947642A9077E90031775E /* StatsView.swift */,
				34A73C062A861BC20067FAEF /* ContentView.swift */,
				34B207222A863CC000D3D689 /* WelcomeView.swift */,
				34B207242A863CCD00D3D689 /* LeaderboardView.swift */,
				34B207262A863CE100D3D689 /* GameView.swift */,
				34B207282A863CE900D3D689 /* SettingView.swift */,
				34B207332A8642F200D3D689 /* InstructionView.swift */,
				349577AA2A8B2A110093BF80 /* GameSettingView.swift */,
				349577AC2A8B395F0093BF80 /* CardView.swift */,
				349577AE2A8B56080093BF80 /* MainView.swift */,
				340587EC2A8DD1F9006B6521 /* TabDisplayView.swift */,
				34140A482A931F61008A9871 /* AchievementCardView.swift */,
				34140A4A2A932BD4008A9871 /* AchievementView.swift */,
			);
			path = View;
			sourceTree = "<group>";
		};
		34A73C312A862B000067FAEF /* Model */ = {
			isa = PBXGroup;
			children = (
				34D947672A9078030031775E /* UserData.swift */,
				34A73C322A862B4E0067FAEF /* Card.swift */,
				34B207202A863CA800D3D689 /* Achievement.swift */,
				34D24A552A9093DC00903D7A /* ColorScheme.swift */,
			);
			path = Model;
			sourceTree = "<group>";
		};
		34B2072A2A86410000D3D689 /* Utilities */ = {
			isa = PBXGroup;
			children = (
				341CA69F2A95F6BD0059320A /* userDatas.json */,
				34D947662A9078030031775E /* achievement.json */,
				34D9476C2A90789E0031775E /* DataManager.swift */,
				34D9476D2A90789E0031775E /* SoundManager.swift */,
				34B2072C2A86411B00D3D689 /* Localization */,
				34B2072B2A86410E00D3D689 /* Sounds */,
			);
			path = Utilities;
			sourceTree = "<group>";
		};
		34B2072B2A86410E00D3D689 /* Sounds */ = {
			isa = PBXGroup;
			children = (
			);
			path = Sounds;
			sourceTree = "<group>";
		};
		34B2072C2A86411B00D3D689 /* Localization */ = {
			isa = PBXGroup;
			children = (
				34B207312A86419B00D3D689 /* Localizable.strings */,
			);
			path = Localization;
			sourceTree = "<group>";
		};
/* End PBXGroup section */

/* Begin PBXNativeTarget section */
		34A73C002A861BC20067FAEF /* assignment2 */ = {
			isa = PBXNativeTarget;
			buildConfigurationList = 34A73C252A861BC40067FAEF /* Build configuration list for PBXNativeTarget "assignment2" */;
			buildPhases = (
				34A73BFD2A861BC20067FAEF /* Sources */,
				34A73BFE2A861BC20067FAEF /* Frameworks */,
				34A73BFF2A861BC20067FAEF /* Resources */,
			);
			buildRules = (
			);
			dependencies = (
			);
			name = assignment2;
			productName = assignment2;
			productReference = 34A73C012A861BC20067FAEF /* assignment2.app */;
			productType = "com.apple.product-type.application";
		};
		34A73C102A861BC40067FAEF /* assignment2Tests */ = {
			isa = PBXNativeTarget;
			buildConfigurationList = 34A73C282A861BC40067FAEF /* Build configuration list for PBXNativeTarget "assignment2Tests" */;
			buildPhases = (
				34A73C0D2A861BC40067FAEF /* Sources */,
				34A73C0E2A861BC40067FAEF /* Frameworks */,
				34A73C0F2A861BC40067FAEF /* Resources */,
			);
			buildRules = (
			);
			dependencies = (
				34A73C132A861BC40067FAEF /* PBXTargetDependency */,
			);
			name = assignment2Tests;
			productName = assignment2Tests;
			productReference = 34A73C112A861BC40067FAEF /* assignment2Tests.xctest */;
			productType = "com.apple.product-type.bundle.unit-test";
		};
		34A73C1A2A861BC40067FAEF /* assignment2UITests */ = {
			isa = PBXNativeTarget;
			buildConfigurationList = 34A73C2B2A861BC40067FAEF /* Build configuration list for PBXNativeTarget "assignment2UITests" */;
			buildPhases = (
				34A73C172A861BC40067FAEF /* Sources */,
				34A73C182A861BC40067FAEF /* Frameworks */,
				34A73C192A861BC40067FAEF /* Resources */,
			);
			buildRules = (
			);
			dependencies = (
				34A73C1D2A861BC40067FAEF /* PBXTargetDependency */,
			);
			name = assignment2UITests;
			productName = assignment2UITests;
			productReference = 34A73C1B2A861BC40067FAEF /* assignment2UITests.xctest */;
			productType = "com.apple.product-type.bundle.ui-testing";
		};
/* End PBXNativeTarget section */

/* Begin PBXProject section */
		34A73BF92A861BC20067FAEF /* Project object */ = {
			isa = PBXProject;
			attributes = {
				BuildIndependentTargetsInParallel = 1;
				LastSwiftUpdateCheck = 1430;
				LastUpgradeCheck = 1430;
				TargetAttributes = {
					34A73C002A861BC20067FAEF = {
						CreatedOnToolsVersion = 14.3.1;
					};
					34A73C102A861BC40067FAEF = {
						CreatedOnToolsVersion = 14.3.1;
						TestTargetID = 34A73C002A861BC20067FAEF;
					};
					34A73C1A2A861BC40067FAEF = {
						CreatedOnToolsVersion = 14.3.1;
						TestTargetID = 34A73C002A861BC20067FAEF;
					};
				};
			};
			buildConfigurationList = 34A73BFC2A861BC20067FAEF /* Build configuration list for PBXProject "assignment2" */;
			compatibilityVersion = "Xcode 14.0";
			developmentRegion = en;
			hasScannedForEncodings = 0;
			knownRegions = (
				en,
				Base,
				vi,
			);
			mainGroup = 34A73BF82A861BC20067FAEF;
			productRefGroup = 34A73C022A861BC20067FAEF /* Products */;
			projectDirPath = "";
			projectRoot = "";
			targets = (
				34A73C002A861BC20067FAEF /* assignment2 */,
				34A73C102A861BC40067FAEF /* assignment2Tests */,
				34A73C1A2A861BC40067FAEF /* assignment2UITests */,
			);
		};
/* End PBXProject section */

/* Begin PBXResourcesBuildPhase section */
		34A73BFF2A861BC20067FAEF /* Resources */ = {
			isa = PBXResourcesBuildPhase;
			buildActionMask = 2147483647;
			files = (
				34A73C0C2A861BC40067FAEF /* Preview Assets.xcassets in Resources */,
				34D947682A9078030031775E /* achievement.json in Resources */,
				34B2072F2A86419B00D3D689 /* Localizable.strings in Resources */,
				341CA6A02A95F6BD0059320A /* userDatas.json in Resources */,
				34A73C092A861BC40067FAEF /* Assets.xcassets in Resources */,
			);
			runOnlyForDeploymentPostprocessing = 0;
		};
		34A73C0F2A861BC40067FAEF /* Resources */ = {
			isa = PBXResourcesBuildPhase;
			buildActionMask = 2147483647;
			files = (
			);
			runOnlyForDeploymentPostprocessing = 0;
		};
		34A73C192A861BC40067FAEF /* Resources */ = {
			isa = PBXResourcesBuildPhase;
			buildActionMask = 2147483647;
			files = (
			);
			runOnlyForDeploymentPostprocessing = 0;
		};
/* End PBXResourcesBuildPhase section */

/* Begin PBXSourcesBuildPhase section */
		34A73BFD2A861BC20067FAEF /* Sources */ = {
			isa = PBXSourcesBuildPhase;
			buildActionMask = 2147483647;
			files = (
				34B207232A863CC000D3D689 /* WelcomeView.swift in Sources */,
				34D9476E2A90789E0031775E /* DataManager.swift in Sources */,
				349577AF2A8B56080093BF80 /* MainView.swift in Sources */,
				34D947692A9078030031775E /* UserData.swift in Sources */,
				349577AB2A8B2A110093BF80 /* GameSettingView.swift in Sources */,
				34A73C072A861BC20067FAEF /* ContentView.swift in Sources */,
				34B207212A863CA800D3D689 /* Achievement.swift in Sources */,
				34A73C332A862B4E0067FAEF /* Card.swift in Sources */,
				34B207252A863CCD00D3D689 /* LeaderboardView.swift in Sources */,
				34B207342A8642F200D3D689 /* InstructionView.swift in Sources */,
				34D24A562A9093DC00903D7A /* ColorScheme.swift in Sources */,
				340587ED2A8DD1F9006B6521 /* TabDisplayView.swift in Sources */,
				34140A4B2A932BD4008A9871 /* AchievementView.swift in Sources */,
				34140A492A931F61008A9871 /* AchievementCardView.swift in Sources */,
				34B207292A863CE900D3D689 /* SettingView.swift in Sources */,
				34D947652A9077E90031775E /* StatsView.swift in Sources */,
				34A73C052A861BC20067FAEF /* assignment2App.swift in Sources */,
				349577AD2A8B395F0093BF80 /* CardView.swift in Sources */,
				34B207272A863CE100D3D689 /* GameView.swift in Sources */,
				34D9476F2A90789E0031775E /* SoundManager.swift in Sources */,
			);
			runOnlyForDeploymentPostprocessing = 0;
		};
		34A73C0D2A861BC40067FAEF /* Sources */ = {
			isa = PBXSourcesBuildPhase;
			buildActionMask = 2147483647;
			files = (
				34A73C162A861BC40067FAEF /* assignment2Tests.swift in Sources */,
			);
			runOnlyForDeploymentPostprocessing = 0;
		};
		34A73C172A861BC40067FAEF /* Sources */ = {
			isa = PBXSourcesBuildPhase;
			buildActionMask = 2147483647;
			files = (
				34A73C222A861BC40067FAEF /* assignment2UITestsLaunchTests.swift in Sources */,
				34A73C202A861BC40067FAEF /* assignment2UITests.swift in Sources */,
			);
			runOnlyForDeploymentPostprocessing = 0;
		};
/* End PBXSourcesBuildPhase section */

/* Begin PBXTargetDependency section */
		34A73C132A861BC40067FAEF /* PBXTargetDependency */ = {
			isa = PBXTargetDependency;
			target = 34A73C002A861BC20067FAEF /* assignment2 */;
			targetProxy = 34A73C122A861BC40067FAEF /* PBXContainerItemProxy */;
		};
		34A73C1D2A861BC40067FAEF /* PBXTargetDependency */ = {
			isa = PBXTargetDependency;
			target = 34A73C002A861BC20067FAEF /* assignment2 */;
			targetProxy = 34A73C1C2A861BC40067FAEF /* PBXContainerItemProxy */;
		};
/* End PBXTargetDependency section */

/* Begin PBXVariantGroup section */
		34B207312A86419B00D3D689 /* Localizable.strings */ = {
			isa = PBXVariantGroup;
			children = (
				34B207302A86419B00D3D689 /* en */,
				34B207322A8641A800D3D689 /* vi */,
			);
			name = Localizable.strings;
			sourceTree = "<group>";
		};
/* End PBXVariantGroup section */

/* Begin XCBuildConfiguration section */
		34A73C232A861BC40067FAEF /* Debug */ = {
			isa = XCBuildConfiguration;
			buildSettings = {
				ALWAYS_SEARCH_USER_PATHS = NO;
				CLANG_ANALYZER_NONNULL = YES;
				CLANG_ANALYZER_NUMBER_OBJECT_CONVERSION = YES_AGGRESSIVE;
				CLANG_CXX_LANGUAGE_STANDARD = "gnu++20";
				CLANG_ENABLE_MODULES = YES;
				CLANG_ENABLE_OBJC_ARC = YES;
				CLANG_ENABLE_OBJC_WEAK = YES;
				CLANG_WARN_BLOCK_CAPTURE_AUTORELEASING = YES;
				CLANG_WARN_BOOL_CONVERSION = YES;
				CLANG_WARN_COMMA = YES;
				CLANG_WARN_CONSTANT_CONVERSION = YES;
				CLANG_WARN_DEPRECATED_OBJC_IMPLEMENTATIONS = YES;
				CLANG_WARN_DIRECT_OBJC_ISA_USAGE = YES_ERROR;
				CLANG_WARN_DOCUMENTATION_COMMENTS = YES;
				CLANG_WARN_EMPTY_BODY = YES;
				CLANG_WARN_ENUM_CONVERSION = YES;
				CLANG_WARN_INFINITE_RECURSION = YES;
				CLANG_WARN_INT_CONVERSION = YES;
				CLANG_WARN_NON_LITERAL_NULL_CONVERSION = YES;
				CLANG_WARN_OBJC_IMPLICIT_RETAIN_SELF = YES;
				CLANG_WARN_OBJC_LITERAL_CONVERSION = YES;
				CLANG_WARN_OBJC_ROOT_CLASS = YES_ERROR;
				CLANG_WARN_QUOTED_INCLUDE_IN_FRAMEWORK_HEADER = YES;
				CLANG_WARN_RANGE_LOOP_ANALYSIS = YES;
				CLANG_WARN_STRICT_PROTOTYPES = YES;
				CLANG_WARN_SUSPICIOUS_MOVE = YES;
				CLANG_WARN_UNGUARDED_AVAILABILITY = YES_AGGRESSIVE;
				CLANG_WARN_UNREACHABLE_CODE = YES;
				CLANG_WARN__DUPLICATE_METHOD_MATCH = YES;
				COPY_PHASE_STRIP = NO;
				DEBUG_INFORMATION_FORMAT = dwarf;
				ENABLE_STRICT_OBJC_MSGSEND = YES;
				ENABLE_TESTABILITY = YES;
				GCC_C_LANGUAGE_STANDARD = gnu11;
				GCC_DYNAMIC_NO_PIC = NO;
				GCC_NO_COMMON_BLOCKS = YES;
				GCC_OPTIMIZATION_LEVEL = 0;
				GCC_PREPROCESSOR_DEFINITIONS = (
					"DEBUG=1",
					"$(inherited)",
				);
				GCC_WARN_64_TO_32_BIT_CONVERSION = YES;
				GCC_WARN_ABOUT_RETURN_TYPE = YES_ERROR;
				GCC_WARN_UNDECLARED_SELECTOR = YES;
				GCC_WARN_UNINITIALIZED_AUTOS = YES_AGGRESSIVE;
				GCC_WARN_UNUSED_FUNCTION = YES;
				GCC_WARN_UNUSED_VARIABLE = YES;
				IPHONEOS_DEPLOYMENT_TARGET = 16.4;
				MTL_ENABLE_DEBUG_INFO = INCLUDE_SOURCE;
				MTL_FAST_MATH = YES;
				ONLY_ACTIVE_ARCH = YES;
				SDKROOT = iphoneos;
				SWIFT_ACTIVE_COMPILATION_CONDITIONS = DEBUG;
				SWIFT_OPTIMIZATION_LEVEL = "-Onone";
			};
			name = Debug;
		};
		34A73C242A861BC40067FAEF /* Release */ = {
			isa = XCBuildConfiguration;
			buildSettings = {
				ALWAYS_SEARCH_USER_PATHS = NO;
				CLANG_ANALYZER_NONNULL = YES;
				CLANG_ANALYZER_NUMBER_OBJECT_CONVERSION = YES_AGGRESSIVE;
				CLANG_CXX_LANGUAGE_STANDARD = "gnu++20";
				CLANG_ENABLE_MODULES = YES;
				CLANG_ENABLE_OBJC_ARC = YES;
				CLANG_ENABLE_OBJC_WEAK = YES;
				CLANG_WARN_BLOCK_CAPTURE_AUTORELEASING = YES;
				CLANG_WARN_BOOL_CONVERSION = YES;
				CLANG_WARN_COMMA = YES;
				CLANG_WARN_CONSTANT_CONVERSION = YES;
				CLANG_WARN_DEPRECATED_OBJC_IMPLEMENTATIONS = YES;
				CLANG_WARN_DIRECT_OBJC_ISA_USAGE = YES_ERROR;
				CLANG_WARN_DOCUMENTATION_COMMENTS = YES;
				CLANG_WARN_EMPTY_BODY = YES;
				CLANG_WARN_ENUM_CONVERSION = YES;
				CLANG_WARN_INFINITE_RECURSION = YES;
				CLANG_WARN_INT_CONVERSION = YES;
				CLANG_WARN_NON_LITERAL_NULL_CONVERSION = YES;
				CLANG_WARN_OBJC_IMPLICIT_RETAIN_SELF = YES;
				CLANG_WARN_OBJC_LITERAL_CONVERSION = YES;
				CLANG_WARN_OBJC_ROOT_CLASS = YES_ERROR;
				CLANG_WARN_QUOTED_INCLUDE_IN_FRAMEWORK_HEADER = YES;
				CLANG_WARN_RANGE_LOOP_ANALYSIS = YES;
				CLANG_WARN_STRICT_PROTOTYPES = YES;
				CLANG_WARN_SUSPICIOUS_MOVE = YES;
				CLANG_WARN_UNGUARDED_AVAILABILITY = YES_AGGRESSIVE;
				CLANG_WARN_UNREACHABLE_CODE = YES;
				CLANG_WARN__DUPLICATE_METHOD_MATCH = YES;
				COPY_PHASE_STRIP = NO;
				DEBUG_INFORMATION_FORMAT = "dwarf-with-dsym";
				ENABLE_NS_ASSERTIONS = NO;
				ENABLE_STRICT_OBJC_MSGSEND = YES;
				GCC_C_LANGUAGE_STANDARD = gnu11;
				GCC_NO_COMMON_BLOCKS = YES;
				GCC_WARN_64_TO_32_BIT_CONVERSION = YES;
				GCC_WARN_ABOUT_RETURN_TYPE = YES_ERROR;
				GCC_WARN_UNDECLARED_SELECTOR = YES;
				GCC_WARN_UNINITIALIZED_AUTOS = YES_AGGRESSIVE;
				GCC_WARN_UNUSED_FUNCTION = YES;
				GCC_WARN_UNUSED_VARIABLE = YES;
				IPHONEOS_DEPLOYMENT_TARGET = 16.4;
				MTL_ENABLE_DEBUG_INFO = NO;
				MTL_FAST_MATH = YES;
				SDKROOT = iphoneos;
				SWIFT_COMPILATION_MODE = wholemodule;
				SWIFT_OPTIMIZATION_LEVEL = "-O";
				VALIDATE_PRODUCT = YES;
			};
			name = Release;
		};
		34A73C262A861BC40067FAEF /* Debug */ = {
			isa = XCBuildConfiguration;
			buildSettings = {
				ASSETCATALOG_COMPILER_APPICON_NAME = AppIcon;
				ASSETCATALOG_COMPILER_GLOBAL_ACCENT_COLOR_NAME = AccentColor;
				CODE_SIGN_STYLE = Automatic;
				CURRENT_PROJECT_VERSION = 1;
				DEVELOPMENT_ASSET_PATHS = "\"assignment2/Preview Content\"";
				ENABLE_PREVIEWS = YES;
				GENERATE_INFOPLIST_FILE = YES;
				INFOPLIST_KEY_UIApplicationSceneManifest_Generation = YES;
				INFOPLIST_KEY_UIApplicationSupportsIndirectInputEvents = YES;
				INFOPLIST_KEY_UILaunchScreen_Generation = YES;
				INFOPLIST_KEY_UISupportedInterfaceOrientations_iPad = "UIInterfaceOrientationPortrait UIInterfaceOrientationPortraitUpsideDown UIInterfaceOrientationLandscapeLeft UIInterfaceOrientationLandscapeRight";
				INFOPLIST_KEY_UISupportedInterfaceOrientations_iPhone = "UIInterfaceOrientationPortrait UIInterfaceOrientationLandscapeLeft UIInterfaceOrientationLandscapeRight";
				LD_RUNPATH_SEARCH_PATHS = (
					"$(inherited)",
					"@executable_path/Frameworks",
				);
				MARKETING_VERSION = 1.0;
				PRODUCT_BUNDLE_IDENTIFIER = s3915177.assignment2;
				PRODUCT_NAME = "$(TARGET_NAME)";
				SWIFT_EMIT_LOC_STRINGS = YES;
				SWIFT_VERSION = 5.0;
				TARGETED_DEVICE_FAMILY = "1,2";
			};
			name = Debug;
		};
		34A73C272A861BC40067FAEF /* Release */ = {
			isa = XCBuildConfiguration;
			buildSettings = {
				ASSETCATALOG_COMPILER_APPICON_NAME = AppIcon;
				ASSETCATALOG_COMPILER_GLOBAL_ACCENT_COLOR_NAME = AccentColor;
				CODE_SIGN_STYLE = Automatic;
				CURRENT_PROJECT_VERSION = 1;
				DEVELOPMENT_ASSET_PATHS = "\"assignment2/Preview Content\"";
				ENABLE_PREVIEWS = YES;
				GENERATE_INFOPLIST_FILE = YES;
				INFOPLIST_KEY_UIApplicationSceneManifest_Generation = YES;
				INFOPLIST_KEY_UIApplicationSupportsIndirectInputEvents = YES;
				INFOPLIST_KEY_UILaunchScreen_Generation = YES;
				INFOPLIST_KEY_UISupportedInterfaceOrientations_iPad = "UIInterfaceOrientationPortrait UIInterfaceOrientationPortraitUpsideDown UIInterfaceOrientationLandscapeLeft UIInterfaceOrientationLandscapeRight";
				INFOPLIST_KEY_UISupportedInterfaceOrientations_iPhone = "UIInterfaceOrientationPortrait UIInterfaceOrientationLandscapeLeft UIInterfaceOrientationLandscapeRight";
				LD_RUNPATH_SEARCH_PATHS = (
					"$(inherited)",
					"@executable_path/Frameworks",
				);
				MARKETING_VERSION = 1.0;
				PRODUCT_BUNDLE_IDENTIFIER = s3915177.assignment2;
				PRODUCT_NAME = "$(TARGET_NAME)";
				SWIFT_EMIT_LOC_STRINGS = YES;
				SWIFT_VERSION = 5.0;
				TARGETED_DEVICE_FAMILY = "1,2";
			};
			name = Release;
		};
		34A73C292A861BC40067FAEF /* Debug */ = {
			isa = XCBuildConfiguration;
			buildSettings = {
				ALWAYS_EMBED_SWIFT_STANDARD_LIBRARIES = YES;
				BUNDLE_LOADER = "$(TEST_HOST)";
				CODE_SIGN_STYLE = Automatic;
				CURRENT_PROJECT_VERSION = 1;
				GENERATE_INFOPLIST_FILE = YES;
				IPHONEOS_DEPLOYMENT_TARGET = 16.4;
				MARKETING_VERSION = 1.0;
				PRODUCT_BUNDLE_IDENTIFIER = s3915177.assignment2Tests;
				PRODUCT_NAME = "$(TARGET_NAME)";
				SWIFT_EMIT_LOC_STRINGS = NO;
				SWIFT_VERSION = 5.0;
				TARGETED_DEVICE_FAMILY = "1,2";
				TEST_HOST = "$(BUILT_PRODUCTS_DIR)/assignment2.app/$(BUNDLE_EXECUTABLE_FOLDER_PATH)/assignment2";
			};
			name = Debug;
		};
		34A73C2A2A861BC40067FAEF /* Release */ = {
			isa = XCBuildConfiguration;
			buildSettings = {
				ALWAYS_EMBED_SWIFT_STANDARD_LIBRARIES = YES;
				BUNDLE_LOADER = "$(TEST_HOST)";
				CODE_SIGN_STYLE = Automatic;
				CURRENT_PROJECT_VERSION = 1;
				GENERATE_INFOPLIST_FILE = YES;
				IPHONEOS_DEPLOYMENT_TARGET = 16.4;
				MARKETING_VERSION = 1.0;
				PRODUCT_BUNDLE_IDENTIFIER = s3915177.assignment2Tests;
				PRODUCT_NAME = "$(TARGET_NAME)";
				SWIFT_EMIT_LOC_STRINGS = NO;
				SWIFT_VERSION = 5.0;
				TARGETED_DEVICE_FAMILY = "1,2";
				TEST_HOST = "$(BUILT_PRODUCTS_DIR)/assignment2.app/$(BUNDLE_EXECUTABLE_FOLDER_PATH)/assignment2";
			};
			name = Release;
		};
		34A73C2C2A861BC40067FAEF /* Debug */ = {
			isa = XCBuildConfiguration;
			buildSettings = {
				ALWAYS_EMBED_SWIFT_STANDARD_LIBRARIES = YES;
				CODE_SIGN_STYLE = Automatic;
				CURRENT_PROJECT_VERSION = 1;
				GENERATE_INFOPLIST_FILE = YES;
				MARKETING_VERSION = 1.0;
				PRODUCT_BUNDLE_IDENTIFIER = s3915177.assignment2UITests;
				PRODUCT_NAME = "$(TARGET_NAME)";
				SWIFT_EMIT_LOC_STRINGS = NO;
				SWIFT_VERSION = 5.0;
				TARGETED_DEVICE_FAMILY = "1,2";
				TEST_TARGET_NAME = assignment2;
			};
			name = Debug;
		};
		34A73C2D2A861BC40067FAEF /* Release */ = {
			isa = XCBuildConfiguration;
			buildSettings = {
				ALWAYS_EMBED_SWIFT_STANDARD_LIBRARIES = YES;
				CODE_SIGN_STYLE = Automatic;
				CURRENT_PROJECT_VERSION = 1;
				GENERATE_INFOPLIST_FILE = YES;
				MARKETING_VERSION = 1.0;
				PRODUCT_BUNDLE_IDENTIFIER = s3915177.assignment2UITests;
				PRODUCT_NAME = "$(TARGET_NAME)";
				SWIFT_EMIT_LOC_STRINGS = NO;
				SWIFT_VERSION = 5.0;
				TARGETED_DEVICE_FAMILY = "1,2";
				TEST_TARGET_NAME = assignment2;
			};
			name = Release;
		};
/* End XCBuildConfiguration section */

/* Begin XCConfigurationList section */
		34A73BFC2A861BC20067FAEF /* Build configuration list for PBXProject "assignment2" */ = {
			isa = XCConfigurationList;
			buildConfigurations = (
				34A73C232A861BC40067FAEF /* Debug */,
				34A73C242A861BC40067FAEF /* Release */,
			);
			defaultConfigurationIsVisible = 0;
			defaultConfigurationName = Release;
		};
		34A73C252A861BC40067FAEF /* Build configuration list for PBXNativeTarget "assignment2" */ = {
			isa = XCConfigurationList;
			buildConfigurations = (
				34A73C262A861BC40067FAEF /* Debug */,
				34A73C272A861BC40067FAEF /* Release */,
			);
			defaultConfigurationIsVisible = 0;
			defaultConfigurationName = Release;
		};
		34A73C282A861BC40067FAEF /* Build configuration list for PBXNativeTarget "assignment2Tests" */ = {
			isa = XCConfigurationList;
			buildConfigurations = (
				34A73C292A861BC40067FAEF /* Debug */,
				34A73C2A2A861BC40067FAEF /* Release */,
			);
			defaultConfigurationIsVisible = 0;
			defaultConfigurationName = Release;
		};
		34A73C2B2A861BC40067FAEF /* Build configuration list for PBXNativeTarget "assignment2UITests" */ = {
			isa = XCConfigurationList;
			buildConfigurations = (
				34A73C2C2A861BC40067FAEF /* Debug */,
				34A73C2D2A861BC40067FAEF /* Release */,
			);
			defaultConfigurationIsVisible = 0;
			defaultConfigurationName = Release;
		};
/* End XCConfigurationList section */
	};
	rootObject = 34A73BF92A861BC20067FAEF /* Project object */;
}
